
Microsoft Visual Studio Solution File, Format Version 12.00
# Visual Studio 15
VisualStudioVersion = 15.0.26430.16
MinimumVisualStudioVersion = 10.0.40219.1
Project("{FAE04EC0-301F-11D3-BF4B-00C04F79EFBC}") = "NikoletaSolution", "NikoletaSolution\NikoletaSolution.csproj", "{BDAFF866-2364-4A9E-87AE-9F40C4A45087}"
EndProject
Project("{FAE04EC0-301F-11D3-BF4B-00C04F79EFBC}") = "TechModule", "TechModule\TechModule.csproj", "{0762C178-CFC8-4267-8317-22EE1A82EDB7}"
EndProject
Project("{FAE04EC0-301F-11D3-BF4B-00C04F79EFBC}") = "Streams", "Streams\Streams.csproj", "{5415A3E3-8194-4EC8-BFF0-8439D97AF640}"
EndProject
Global
	GlobalSection(SolutionConfigurationPlatforms) = preSolution
		Debug|Any CPU = Debug|Any CPU
		Release|Any CPU = Release|Any CPU
	EndGlobalSection
	GlobalSection(ProjectConfigurationPlatforms) = postSolution
		{BDAFF866-2364-4A9E-87AE-9F40C4A45087}.Debug|Any CPU.ActiveCfg = Debug|Any CPU
		{BDAFF866-2364-4A9E-87AE-9F40C4A45087}.Debug|Any CPU.Build.0 = Debug|Any CPU
		{BDAFF866-2364-4A9E-87AE-9F40C4A45087}.Release|Any CPU.ActiveCfg = Release|Any CPU
		{BDAFF866-2364-4A9E-87AE-9F40C4A45087}.Release|Any CPU.Build.0 = Release|Any CPU
		{0762C178-CFC8-4267-8317-22EE1A82EDB7}.Debug|Any CPU.ActiveCfg = Debug|Any CPU
		{0762C178-CFC8-4267-8317-22EE1A82EDB7}.Debug|Any CPU.Build.0 = Debug|Any CPU
		{0762C178-CFC8-4267-8317-22EE1A82EDB7}.Release|Any CPU.ActiveCfg = Release|Any CPU
		{0762C178-CFC8-4267-8317-22EE1A82EDB7}.Release|Any CPU.Build.0 = Release|Any CPU
		{5415A3E3-8194-4EC8-BFF0-8439D97AF640}.Debug|Any CPU.ActiveCfg = Debug|Any CPU
		{5415A3E3-8194-4EC8-BFF0-8439D97AF640}.Debug|Any CPU.Build.0 = Debug|Any CPU
		{5415A3E3-8194-4EC8-BFF0-8439D97AF640}.Release|Any CPU.ActiveCfg = Release|Any CPU
		{5415A3E3-8194-4EC8-BFF0-8439D97AF640}.Release|Any CPU.Build.0 = Release|Any CPU
	EndGlobalSection
	GlobalSection(SolutionProperties) = preSolution
		HideSolutionNode = FALSE
	EndGlobalSection
EndGlobal
