
Microsoft Visual Studio Solution File, Format Version 12.00
# Visual Studio 15
VisualStudioVersion = 15.0.26228.4
MinimumVisualStudioVersion = 10.0.40219.1
Project("{FAE04EC0-301F-11D3-BF4B-00C04F79EFBC}") = "NikoletaSolution", "NikoletaSolution\NikoletaSolution.csproj", "{BDAFF866-2364-4A9E-87AE-9F40C4A45087}"
EndProject
Project("{FAE04EC0-301F-11D3-BF4B-00C04F79EFBC}") = "Streams", "Streams\Streams.csproj", "{5415A3E3-8194-4EC8-BFF0-8439D97AF640}"
EndProject
Project("{FAE04EC0-301F-11D3-BF4B-00C04F79EFBC}") = "Web", "Web\Web.csproj", "{6222908E-9951-4073-B663-7021117A5211}"
EndProject
Project("{FAE04EC0-301F-11D3-BF4B-00C04F79EFBC}") = "CSharpAdvanced", "CSharpAdvanced\CSharpAdvanced.csproj", "{A2F0F5D5-3E20-48FE-8C54-FD8AE7195FC1}"
EndProject
Project("{2150E333-8FDC-42A3-9474-1A3956D46DE8}") = "CHsarpAdvanced", "CHsarpAdvanced", "{938F618C-9BBB-43D1-8403-106C225EA102}"
EndProject
Global
	GlobalSection(SolutionConfigurationPlatforms) = preSolution
		Debug|Any CPU = Debug|Any CPU
		Release|Any CPU = Release|Any CPU
	EndGlobalSection
	GlobalSection(ProjectConfigurationPlatforms) = postSolution
		{BDAFF866-2364-4A9E-87AE-9F40C4A45087}.Debug|Any CPU.ActiveCfg = Debug|Any CPU
		{BDAFF866-2364-4A9E-87AE-9F40C4A45087}.Debug|Any CPU.Build.0 = Debug|Any CPU
		{BDAFF866-2364-4A9E-87AE-9F40C4A45087}.Release|Any CPU.ActiveCfg = Release|Any CPU
		{BDAFF866-2364-4A9E-87AE-9F40C4A45087}.Release|Any CPU.Build.0 = Release|Any CPU
		{5415A3E3-8194-4EC8-BFF0-8439D97AF640}.Debug|Any CPU.ActiveCfg = Debug|Any CPU
		{5415A3E3-8194-4EC8-BFF0-8439D97AF640}.Debug|Any CPU.Build.0 = Debug|Any CPU
		{5415A3E3-8194-4EC8-BFF0-8439D97AF640}.Release|Any CPU.ActiveCfg = Release|Any CPU
		{5415A3E3-8194-4EC8-BFF0-8439D97AF640}.Release|Any CPU.Build.0 = Release|Any CPU
		{6222908E-9951-4073-B663-7021117A5211}.Debug|Any CPU.ActiveCfg = Debug|Any CPU
		{6222908E-9951-4073-B663-7021117A5211}.Debug|Any CPU.Build.0 = Debug|Any CPU
		{6222908E-9951-4073-B663-7021117A5211}.Release|Any CPU.ActiveCfg = Release|Any CPU
		{6222908E-9951-4073-B663-7021117A5211}.Release|Any CPU.Build.0 = Release|Any CPU
		{A2F0F5D5-3E20-48FE-8C54-FD8AE7195FC1}.Debug|Any CPU.ActiveCfg = Debug|Any CPU
		{A2F0F5D5-3E20-48FE-8C54-FD8AE7195FC1}.Debug|Any CPU.Build.0 = Debug|Any CPU
		{A2F0F5D5-3E20-48FE-8C54-FD8AE7195FC1}.Release|Any CPU.ActiveCfg = Release|Any CPU
		{A2F0F5D5-3E20-48FE-8C54-FD8AE7195FC1}.Release|Any CPU.Build.0 = Release|Any CPU
	EndGlobalSection
	GlobalSection(SolutionProperties) = preSolution
		HideSolutionNode = FALSE
	EndGlobalSection
	GlobalSection(NestedProjects) = preSolution
		{A2F0F5D5-3E20-48FE-8C54-FD8AE7195FC1} = {938F618C-9BBB-43D1-8403-106C225EA102}
	EndGlobalSection
EndGlobal
